{
  "name": "cache-dedupe-inmemory",
  "version": "1.0.0",
  "lockfileVersion": 2,
  "requires": true,
  "packages": {
    "": {
      "name": "cache-dedupe-inmemory",
      "version": "1.0.0",
      "license": "MIT",
      "dependencies": {
        "@supercharge/promise-pool": "^2.4.0",
        "async-cache-dedupe": "2.0.0",
        "dataloader": "2.2.2",
        "getopts": "^2.3.0",
        "layered-loader": "12.5.0",
        "photofinish": "^1.8.0",
        "toad-cache": "3.4.1",
        "validation-utils": "^9.1.0"
      },
      "devDependencies": {
        "prettier": "^2.2.1"
      }
    },
    "node_modules/@supercharge/promise-pool": {
      "version": "2.4.0",
      "resolved": "https://registry.npmjs.org/@supercharge/promise-pool/-/promise-pool-2.4.0.tgz",
      "integrity": "sha512-O9CMipBlq5OObdt1uKJGIzm9cdjpPWfj+a+Zw9EgWKxaMNHKC7EU7X9taj3H0EGQNLOSq2jAcOa3EzxlfHsD6w==",
      "engines": {
        "node": ">=8"
      }
    },
    "node_modules/argparse": {
      "version": "1.0.10",
      "resolved": "https://registry.npmjs.org/argparse/-/argparse-1.0.10.tgz",
      "integrity": "sha512-o5Roy6tNG4SL/FOkCAN6RzjiakZS25RLYFrcMttJqbdd8BWrnA+fGz57iN5Pb06pvBGvl5gQ0B48dJlslXvoTg==",
      "dependencies": {
        "sprintf-js": "~1.0.2"
      }
    },
    "node_modules/arrify": {
      "version": "2.0.1",
      "resolved": "https://registry.npmjs.org/arrify/-/arrify-2.0.1.tgz",
      "integrity": "sha512-3duEwti880xqi4eAMN8AyR4a0ByT90zoYdLlevfrvU43vb0YZwZVfxOgxWrLXXXpyugL0hNZc9G6BiB5B3nUug==",
      "engines": {
        "node": ">=8"
      }
    },
    "node_modules/async-cache-dedupe": {
      "version": "2.0.0",
      "resolved": "https://registry.npmjs.org/async-cache-dedupe/-/async-cache-dedupe-2.0.0.tgz",
      "integrity": "sha512-SrW6PbmCHRQBSpPG8mkPIZZC5AgC08sbzl56GyGemBLVdVUl8mQW4+WCYHp5XZfixIdkL40jKf3UlT/P6Q3p5w==",
      "dependencies": {
        "mnemonist": "^0.39.5",
        "safe-stable-stringify": "^2.4.3"
      }
    },
    "node_modules/dataloader": {
      "version": "2.2.2",
      "resolved": "https://registry.npmjs.org/dataloader/-/dataloader-2.2.2.tgz",
      "integrity": "sha512-8YnDaaf7N3k/q5HnTJVuzSyLETjoZjVmHc4AeKAzOvKHEFQKcn64OKBfzHYtE9zGjctNM7V9I0MfnUVLpi7M5g=="
    },
    "node_modules/dot-prop": {
      "version": "5.3.0",
      "resolved": "https://registry.npmjs.org/dot-prop/-/dot-prop-5.3.0.tgz",
      "integrity": "sha512-QM8q3zDe58hqUqjraQOmzZ1LIH9SWQJTlEKCH4kJ2oQvLZk7RbQXvtDM2XEq3fwkV9CCvvH4LA0AV+ogFsBM2Q==",
      "dependencies": {
        "is-obj": "^2.0.0"
      },
      "engines": {
        "node": ">=8"
      }
    },
    "node_modules/escape-string-regexp": {
      "version": "4.0.0",
      "resolved": "https://registry.npmjs.org/escape-string-regexp/-/escape-string-regexp-4.0.0.tgz",
      "integrity": "sha512-TtpcNJ3XAzx3Gq8sWRzJaVajRs0uVxA2YAkdb1jm2YkPz4G6egUFAyA3n5vtEIZefPk5Wa4UXbKuS5fKkJWdgA==",
      "engines": {
        "node": ">=10"
      },
      "funding": {
        "url": "https://github.com/sponsors/sindresorhus"
      }
    },
    "node_modules/esprima": {
      "version": "4.0.1",
      "resolved": "https://registry.npmjs.org/esprima/-/esprima-4.0.1.tgz",
      "integrity": "sha512-eGuFFw7Upda+g4p+QHvnW0RyTX/SVeJBDM/gCtMARO0cLuT2HcEKnTPvhjV6aGeqrCB/sbNop0Kszm0jsaWU4A==",
      "bin": {
        "esparse": "bin/esparse.js",
        "esvalidate": "bin/esvalidate.js"
      },
      "engines": {
        "node": ">=4"
      }
    },
    "node_modules/getopts": {
      "version": "2.3.0",
      "resolved": "https://registry.npmjs.org/getopts/-/getopts-2.3.0.tgz",
      "integrity": "sha512-5eDf9fuSXwxBL6q5HX+dhDj+dslFGWzU5thZ9kNKUkcPtaPdatmUFKwHFrLb/uf/WpA4BHET+AX3Scl56cAjpA=="
    },
    "node_modules/is-obj": {
      "version": "2.0.0",
      "resolved": "https://registry.npmjs.org/is-obj/-/is-obj-2.0.0.tgz",
      "integrity": "sha512-drqDG3cbczxxEJRoOXcOjtdp1J/lyp1mNn0xaznRs8+muBhgQcrnbspox5X5fOw0HnMnbfDzvnEMEtqDEJEo8w==",
      "engines": {
        "node": ">=8"
      }
    },
    "node_modules/isnumber": {
      "version": "1.0.0",
      "resolved": "https://registry.npmjs.org/isnumber/-/isnumber-1.0.0.tgz",
      "integrity": "sha512-JLiSz/zsZcGFXPrB4I/AGBvtStkt+8QmksyZBZnVXnnK9XdTEyz0tX8CRYljtwYDuIuZzih6DpHQdi+3Q6zHPw=="
    },
    "node_modules/js-yaml": {
      "version": "3.14.1",
      "resolved": "https://registry.npmjs.org/js-yaml/-/js-yaml-3.14.1.tgz",
      "integrity": "sha512-okMH7OXXJ7YrN9Ok3/SXrnu4iX9yOk+25nqX4imS2npuvTYDmo/QEZoqwZkYaIDk3jVvBOTOIEgEhaLOynBS9g==",
      "dependencies": {
        "argparse": "^1.0.7",
        "esprima": "^4.0.0"
      },
      "bin": {
        "js-yaml": "bin/js-yaml.js"
      }
    },
    "node_modules/layered-loader": {
      "version": "12.5.0",
      "resolved": "https://registry.npmjs.org/layered-loader/-/layered-loader-12.5.0.tgz",
      "integrity": "sha512-36EkPkybcQG2sUNicsrCPbG4a3keVwAkhnbmC/7HFQ4trD1mClOCVxgkSW6QsrvjvCLAEoWLX9ej0V/cbJ6qnw==",
      "dependencies": {
        "toad-cache": "^3.3.1"
      },
      "engines": {
        "node": ">=16"
      }
    },
    "node_modules/load-goblin": {
      "version": "1.0.2",
      "resolved": "https://registry.npmjs.org/load-goblin/-/load-goblin-1.0.2.tgz",
      "integrity": "sha512-6XZNI9cnZiRnhdXsNeLA2hEx85gyTKBUMy8hdp2wXA+7oPWPpLqWrTrVCpWs+JXEnSIBH0/WdH5RO4zQDbt1Ug==",
      "dependencies": {
        "js-yaml": "^3.14.1",
        "matcher": "^3.0.0"
      }
    },
    "node_modules/markdown-table": {
      "version": "2.0.0",
      "resolved": "https://registry.npmjs.org/markdown-table/-/markdown-table-2.0.0.tgz",
      "integrity": "sha512-Ezda85ToJUBhM6WGaG6veasyym+Tbs3cMAw/ZhOPqXiYsr0jgocBV3j3nx+4lk47plLlIqjwuTm/ywVI+zjJ/A==",
      "dependencies": {
        "repeat-string": "^1.0.0"
      },
      "funding": {
        "type": "github",
        "url": "https://github.com/sponsors/wooorm"
      }
    },
    "node_modules/matcher": {
      "version": "3.0.0",
      "resolved": "https://registry.npmjs.org/matcher/-/matcher-3.0.0.tgz",
      "integrity": "sha512-OkeDaAZ/bQCxeFAozM55PKcKU0yJMPGifLwV4Qgjitu+5MoAfSQN4lsLJeXZ1b8w0x+/Emda6MZgXS1jvsapng==",
      "dependencies": {
        "escape-string-regexp": "^4.0.0"
      },
      "engines": {
        "node": ">=10"
      }
    },
    "node_modules/mnemonist": {
      "version": "0.39.5",
      "resolved": "https://registry.npmjs.org/mnemonist/-/mnemonist-0.39.5.tgz",
      "integrity": "sha512-FPUtkhtJ0efmEFGpU14x7jGbTB+s18LrzRL2KgoWz9YvcY3cPomz8tih01GbHwnGk/OmkOKfqd/RAQoc8Lm7DQ==",
      "dependencies": {
        "obliterator": "^2.0.1"
      }
    },
    "node_modules/obliterator": {
      "version": "2.0.4",
      "resolved": "https://registry.npmjs.org/obliterator/-/obliterator-2.0.4.tgz",
      "integrity": "sha512-lgHwxlxV1qIg1Eap7LgIeoBWIMFibOjbrYPIPJZcI1mmGAI2m3lNYpK12Y+GBdPQ0U1hRwSord7GIaawz962qQ=="
    },
    "node_modules/percentile": {
      "version": "1.6.0",
      "resolved": "https://registry.npmjs.org/percentile/-/percentile-1.6.0.tgz",
      "integrity": "sha512-8vSyjdzwxGDHHwH+cSGch3A9Uj2On3UpgOWxWXMKwUvoAbnujx6DaqmV1duWXNiH/oEWpyVd6nSQccix6DM3Ng=="
    },
    "node_modules/photofinish": {
      "version": "1.8.0",
      "resolved": "https://registry.npmjs.org/photofinish/-/photofinish-1.8.0.tgz",
      "integrity": "sha512-yYv1Kk9NtkkCm9pKNWSX0BlPWh01S4xowTZS/PYNdJH69tV3A3Jua9IRNUNr5pRxgY7a+5uY7081yMos8OdDig==",
      "dependencies": {
        "load-goblin": "^1.0.2",
        "markdown-table": "^2.0.0",
        "percentile": "^1.4.0",
        "sort-on": "^4.1.0",
        "stats-lite": "^2.2.0"
      }
    },
    "node_modules/prettier": {
      "version": "2.8.4",
      "resolved": "https://registry.npmjs.org/prettier/-/prettier-2.8.4.tgz",
      "integrity": "sha512-vIS4Rlc2FNh0BySk3Wkd6xmwxB0FpOndW5fisM5H8hsZSxU2VWVB5CWIkIjWvrHjIhxk2g3bfMKM87zNTrZddw==",
      "dev": true,
      "bin": {
        "prettier": "bin-prettier.js"
      },
      "engines": {
        "node": ">=10.13.0"
      },
      "funding": {
        "url": "https://github.com/prettier/prettier?sponsor=1"
      }
    },
    "node_modules/repeat-string": {
      "version": "1.6.1",
      "resolved": "https://registry.npmjs.org/repeat-string/-/repeat-string-1.6.1.tgz",
      "integrity": "sha512-PV0dzCYDNfRi1jCDbJzpW7jNNDRuCOG/jI5ctQcGKt/clZD+YcPS3yIlWuTJMmESC8aevCFmWJy5wjAFgNqN6w==",
      "engines": {
        "node": ">=0.10"
      }
    },
    "node_modules/safe-stable-stringify": {
      "version": "2.4.3",
      "resolved": "https://registry.npmjs.org/safe-stable-stringify/-/safe-stable-stringify-2.4.3.tgz",
      "integrity": "sha512-e2bDA2WJT0wxseVd4lsDP4+3ONX6HpMXQa1ZhFQ7SU+GjvORCmShbCMltrtIDfkYhVHrOcPtj+KhmDBdPdZD1g==",
      "engines": {
        "node": ">=10"
      }
    },
    "node_modules/sort-on": {
      "version": "4.1.1",
      "resolved": "https://registry.npmjs.org/sort-on/-/sort-on-4.1.1.tgz",
      "integrity": "sha512-nj8myvTCEErLMMWnye61z1pV5osa7njoosoQNdylD8WyPYHoHCBQx/xn7mGJL6h4oThvGpYSIAxfm8VUr75qTQ==",
      "dependencies": {
        "arrify": "^2.0.1",
        "dot-prop": "^5.0.0"
      },
      "engines": {
        "node": ">=8"
      }
    },
    "node_modules/sprintf-js": {
      "version": "1.0.3",
      "resolved": "https://registry.npmjs.org/sprintf-js/-/sprintf-js-1.0.3.tgz",
      "integrity": "sha512-D9cPgkvLlV3t3IzL0D0YLvGA9Ahk4PcvVwUbN0dSGr1aP0Nrt4AEnTUbuGvquEC0mA64Gqt1fzirlRs5ibXx8g=="
    },
    "node_modules/stats-lite": {
      "version": "2.2.0",
      "resolved": "https://registry.npmjs.org/stats-lite/-/stats-lite-2.2.0.tgz",
      "integrity": "sha512-/Kz55rgUIv2KP2MKphwYT/NCuSfAlbbMRv2ZWw7wyXayu230zdtzhxxuXXcvsc6EmmhS8bSJl3uS1wmMHFumbA==",
      "dependencies": {
        "isnumber": "~1.0.0"
      },
      "engines": {
        "node": ">=2.0.0"
      }
    },
    "node_modules/toad-cache": {
      "version": "3.4.1",
      "resolved": "https://registry.npmjs.org/toad-cache/-/toad-cache-3.4.1.tgz",
      "integrity": "sha512-T0m3MxP3wcqW0LaV3dF1mHBU294sgYSm4FOpa5eEJaYO7PqJZBOjZEQI1y4YaKNnih1FXCEYTWDS9osCoTUefg==",
      "engines": {
        "node": ">=12"
      }
    },
    "node_modules/validation-utils": {
      "version": "9.1.0",
      "resolved": "https://registry.npmjs.org/validation-utils/-/validation-utils-9.1.0.tgz",
      "integrity": "sha512-p3hpadi8L9GrY0GlFZt0evdHGHMAsIGLzJG1ExOCSrWQ9L5fXhmB7bHbhs0qOvoFSwOgpKLDXK+eRYyMnY06PQ==",
      "dependencies": {
        "zoology": "^1.0.0"
      }
    },
    "node_modules/zoology": {
      "version": "1.0.0",
      "resolved": "https://registry.npmjs.org/zoology/-/zoology-1.0.0.tgz",
      "integrity": "sha512-f6rS5IpDQ/oh9EfDGZx15TINJwyQAn4/db71kOROOzM5kV2aGcBRCjaLiLpgzdAiwl2xhXo04faDzM0BY6Xn0Q=="
    }
  },
  "dependencies": {
    "@supercharge/promise-pool": {
      "version": "2.4.0",
      "resolved": "https://registry.npmjs.org/@supercharge/promise-pool/-/promise-pool-2.4.0.tgz",
      "integrity": "sha512-O9CMipBlq5OObdt1uKJGIzm9cdjpPWfj+a+Zw9EgWKxaMNHKC7EU7X9taj3H0EGQNLOSq2jAcOa3EzxlfHsD6w=="
    },
    "argparse": {
      "version": "1.0.10",
      "resolved": "https://registry.npmjs.org/argparse/-/argparse-1.0.10.tgz",
      "integrity": "sha512-o5Roy6tNG4SL/FOkCAN6RzjiakZS25RLYFrcMttJqbdd8BWrnA+fGz57iN5Pb06pvBGvl5gQ0B48dJlslXvoTg==",
      "requires": {
        "sprintf-js": "~1.0.2"
      }
    },
    "arrify": {
      "version": "2.0.1",
      "resolved": "https://registry.npmjs.org/arrify/-/arrify-2.0.1.tgz",
      "integrity": "sha512-3duEwti880xqi4eAMN8AyR4a0ByT90zoYdLlevfrvU43vb0YZwZVfxOgxWrLXXXpyugL0hNZc9G6BiB5B3nUug=="
    },
    "async-cache-dedupe": {
      "version": "2.0.0",
      "resolved": "https://registry.npmjs.org/async-cache-dedupe/-/async-cache-dedupe-2.0.0.tgz",
      "integrity": "sha512-SrW6PbmCHRQBSpPG8mkPIZZC5AgC08sbzl56GyGemBLVdVUl8mQW4+WCYHp5XZfixIdkL40jKf3UlT/P6Q3p5w==",
      "requires": {
        "mnemonist": "^0.39.5",
        "safe-stable-stringify": "^2.4.3"
      }
    },
    "dataloader": {
      "version": "2.2.2",
      "resolved": "https://registry.npmjs.org/dataloader/-/dataloader-2.2.2.tgz",
      "integrity": "sha512-8YnDaaf7N3k/q5HnTJVuzSyLETjoZjVmHc4AeKAzOvKHEFQKcn64OKBfzHYtE9zGjctNM7V9I0MfnUVLpi7M5g=="
    },
    "dot-prop": {
      "version": "5.3.0",
      "resolved": "https://registry.npmjs.org/dot-prop/-/dot-prop-5.3.0.tgz",
      "integrity": "sha512-QM8q3zDe58hqUqjraQOmzZ1LIH9SWQJTlEKCH4kJ2oQvLZk7RbQXvtDM2XEq3fwkV9CCvvH4LA0AV+ogFsBM2Q==",
      "requires": {
        "is-obj": "^2.0.0"
      }
    },
    "escape-string-regexp": {
      "version": "4.0.0",
      "resolved": "https://registry.npmjs.org/escape-string-regexp/-/escape-string-regexp-4.0.0.tgz",
      "integrity": "sha512-TtpcNJ3XAzx3Gq8sWRzJaVajRs0uVxA2YAkdb1jm2YkPz4G6egUFAyA3n5vtEIZefPk5Wa4UXbKuS5fKkJWdgA=="
    },
    "esprima": {
      "version": "4.0.1",
      "resolved": "https://registry.npmjs.org/esprima/-/esprima-4.0.1.tgz",
      "integrity": "sha512-eGuFFw7Upda+g4p+QHvnW0RyTX/SVeJBDM/gCtMARO0cLuT2HcEKnTPvhjV6aGeqrCB/sbNop0Kszm0jsaWU4A=="
    },
    "getopts": {
      "version": "2.3.0",
      "resolved": "https://registry.npmjs.org/getopts/-/getopts-2.3.0.tgz",
      "integrity": "sha512-5eDf9fuSXwxBL6q5HX+dhDj+dslFGWzU5thZ9kNKUkcPtaPdatmUFKwHFrLb/uf/WpA4BHET+AX3Scl56cAjpA=="
    },
    "is-obj": {
      "version": "2.0.0",
      "resolved": "https://registry.npmjs.org/is-obj/-/is-obj-2.0.0.tgz",
      "integrity": "sha512-drqDG3cbczxxEJRoOXcOjtdp1J/lyp1mNn0xaznRs8+muBhgQcrnbspox5X5fOw0HnMnbfDzvnEMEtqDEJEo8w=="
    },
    "isnumber": {
      "version": "1.0.0",
      "resolved": "https://registry.npmjs.org/isnumber/-/isnumber-1.0.0.tgz",
      "integrity": "sha512-JLiSz/zsZcGFXPrB4I/AGBvtStkt+8QmksyZBZnVXnnK9XdTEyz0tX8CRYljtwYDuIuZzih6DpHQdi+3Q6zHPw=="
    },
    "js-yaml": {
      "version": "3.14.1",
      "resolved": "https://registry.npmjs.org/js-yaml/-/js-yaml-3.14.1.tgz",
      "integrity": "sha512-okMH7OXXJ7YrN9Ok3/SXrnu4iX9yOk+25nqX4imS2npuvTYDmo/QEZoqwZkYaIDk3jVvBOTOIEgEhaLOynBS9g==",
      "requires": {
        "argparse": "^1.0.7",
        "esprima": "^4.0.0"
      }
    },
    "layered-loader": {
      "version": "12.5.0",
      "resolved": "https://registry.npmjs.org/layered-loader/-/layered-loader-12.5.0.tgz",
      "integrity": "sha512-36EkPkybcQG2sUNicsrCPbG4a3keVwAkhnbmC/7HFQ4trD1mClOCVxgkSW6QsrvjvCLAEoWLX9ej0V/cbJ6qnw==",
      "requires": {
        "toad-cache": "^3.3.1"
      }
    },
    "load-goblin": {
      "version": "1.0.2",
      "resolved": "https://registry.npmjs.org/load-goblin/-/load-goblin-1.0.2.tgz",
      "integrity": "sha512-6XZNI9cnZiRnhdXsNeLA2hEx85gyTKBUMy8hdp2wXA+7oPWPpLqWrTrVCpWs+JXEnSIBH0/WdH5RO4zQDbt1Ug==",
      "requires": {
        "js-yaml": "^3.14.1",
        "matcher": "^3.0.0"
      }
    },
    "markdown-table": {
      "version": "2.0.0",
      "resolved": "https://registry.npmjs.org/markdown-table/-/markdown-table-2.0.0.tgz",
      "integrity": "sha512-Ezda85ToJUBhM6WGaG6veasyym+Tbs3cMAw/ZhOPqXiYsr0jgocBV3j3nx+4lk47plLlIqjwuTm/ywVI+zjJ/A==",
      "requires": {
        "repeat-string": "^1.0.0"
      }
    },
    "matcher": {
      "version": "3.0.0",
      "resolved": "https://registry.npmjs.org/matcher/-/matcher-3.0.0.tgz",
      "integrity": "sha512-OkeDaAZ/bQCxeFAozM55PKcKU0yJMPGifLwV4Qgjitu+5MoAfSQN4lsLJeXZ1b8w0x+/Emda6MZgXS1jvsapng==",
      "requires": {
        "escape-string-regexp": "^4.0.0"
      }
    },
    "mnemonist": {
      "version": "0.39.5",
      "resolved": "https://registry.npmjs.org/mnemonist/-/mnemonist-0.39.5.tgz",
      "integrity": "sha512-FPUtkhtJ0efmEFGpU14x7jGbTB+s18LrzRL2KgoWz9YvcY3cPomz8tih01GbHwnGk/OmkOKfqd/RAQoc8Lm7DQ==",
      "requires": {
        "obliterator": "^2.0.1"
      }
    },
    "obliterator": {
      "version": "2.0.4",
      "resolved": "https://registry.npmjs.org/obliterator/-/obliterator-2.0.4.tgz",
      "integrity": "sha512-lgHwxlxV1qIg1Eap7LgIeoBWIMFibOjbrYPIPJZcI1mmGAI2m3lNYpK12Y+GBdPQ0U1hRwSord7GIaawz962qQ=="
    },
    "percentile": {
      "version": "1.6.0",
      "resolved": "https://registry.npmjs.org/percentile/-/percentile-1.6.0.tgz",
      "integrity": "sha512-8vSyjdzwxGDHHwH+cSGch3A9Uj2On3UpgOWxWXMKwUvoAbnujx6DaqmV1duWXNiH/oEWpyVd6nSQccix6DM3Ng=="
    },
    "photofinish": {
      "version": "1.8.0",
      "resolved": "https://registry.npmjs.org/photofinish/-/photofinish-1.8.0.tgz",
      "integrity": "sha512-yYv1Kk9NtkkCm9pKNWSX0BlPWh01S4xowTZS/PYNdJH69tV3A3Jua9IRNUNr5pRxgY7a+5uY7081yMos8OdDig==",
      "requires": {
        "load-goblin": "^1.0.2",
        "markdown-table": "^2.0.0",
        "percentile": "^1.4.0",
        "sort-on": "^4.1.0",
        "stats-lite": "^2.2.0"
      }
    },
    "prettier": {
      "version": "2.8.4",
      "resolved": "https://registry.npmjs.org/prettier/-/prettier-2.8.4.tgz",
      "integrity": "sha512-vIS4Rlc2FNh0BySk3Wkd6xmwxB0FpOndW5fisM5H8hsZSxU2VWVB5CWIkIjWvrHjIhxk2g3bfMKM87zNTrZddw==",
      "dev": true
    },
    "repeat-string": {
      "version": "1.6.1",
      "resolved": "https://registry.npmjs.org/repeat-string/-/repeat-string-1.6.1.tgz",
      "integrity": "sha512-PV0dzCYDNfRi1jCDbJzpW7jNNDRuCOG/jI5ctQcGKt/clZD+YcPS3yIlWuTJMmESC8aevCFmWJy5wjAFgNqN6w=="
    },
    "safe-stable-stringify": {
      "version": "2.4.3",
      "resolved": "https://registry.npmjs.org/safe-stable-stringify/-/safe-stable-stringify-2.4.3.tgz",
      "integrity": "sha512-e2bDA2WJT0wxseVd4lsDP4+3ONX6HpMXQa1ZhFQ7SU+GjvORCmShbCMltrtIDfkYhVHrOcPtj+KhmDBdPdZD1g=="
    },
    "sort-on": {
      "version": "4.1.1",
      "resolved": "https://registry.npmjs.org/sort-on/-/sort-on-4.1.1.tgz",
      "integrity": "sha512-nj8myvTCEErLMMWnye61z1pV5osa7njoosoQNdylD8WyPYHoHCBQx/xn7mGJL6h4oThvGpYSIAxfm8VUr75qTQ==",
      "requires": {
        "arrify": "^2.0.1",
        "dot-prop": "^5.0.0"
      }
    },
    "sprintf-js": {
      "version": "1.0.3",
      "resolved": "https://registry.npmjs.org/sprintf-js/-/sprintf-js-1.0.3.tgz",
      "integrity": "sha512-D9cPgkvLlV3t3IzL0D0YLvGA9Ahk4PcvVwUbN0dSGr1aP0Nrt4AEnTUbuGvquEC0mA64Gqt1fzirlRs5ibXx8g=="
    },
    "stats-lite": {
      "version": "2.2.0",
      "resolved": "https://registry.npmjs.org/stats-lite/-/stats-lite-2.2.0.tgz",
      "integrity": "sha512-/Kz55rgUIv2KP2MKphwYT/NCuSfAlbbMRv2ZWw7wyXayu230zdtzhxxuXXcvsc6EmmhS8bSJl3uS1wmMHFumbA==",
      "requires": {
        "isnumber": "~1.0.0"
      }
    },
    "toad-cache": {
      "version": "3.4.1",
      "resolved": "https://registry.npmjs.org/toad-cache/-/toad-cache-3.4.1.tgz",
      "integrity": "sha512-T0m3MxP3wcqW0LaV3dF1mHBU294sgYSm4FOpa5eEJaYO7PqJZBOjZEQI1y4YaKNnih1FXCEYTWDS9osCoTUefg=="
    },
    "validation-utils": {
      "version": "9.1.0",
      "resolved": "https://registry.npmjs.org/validation-utils/-/validation-utils-9.1.0.tgz",
      "integrity": "sha512-p3hpadi8L9GrY0GlFZt0evdHGHMAsIGLzJG1ExOCSrWQ9L5fXhmB7bHbhs0qOvoFSwOgpKLDXK+eRYyMnY06PQ==",
      "requires": {
        "zoology": "^1.0.0"
      }
    },
    "zoology": {
      "version": "1.0.0",
      "resolved": "https://registry.npmjs.org/zoology/-/zoology-1.0.0.tgz",
      "integrity": "sha512-f6rS5IpDQ/oh9EfDGZx15TINJwyQAn4/db71kOROOzM5kV2aGcBRCjaLiLpgzdAiwl2xhXo04faDzM0BY6Xn0Q=="
    }
  }
}
