{
  "name": "string-matching",
  "version": "1.0.0",
  "lockfileVersion": 1,
  "requires": true,
  "dependencies": {
    "argparse": {
      "version": "1.0.10",
      "resolved": "https://registry.npmjs.org/argparse/-/argparse-1.0.10.tgz",
      "integrity": "sha512-o5Roy6tNG4SL/FOkCAN6RzjiakZS25RLYFrcMttJqbdd8BWrnA+fGz57iN5Pb06pvBGvl5gQ0B48dJlslXvoTg==",
      "requires": {
        "sprintf-js": "~1.0.2"
      }
    },
    "arrify": {
      "version": "2.0.1",
      "resolved": "https://registry.npmjs.org/arrify/-/arrify-2.0.1.tgz",
      "integrity": "sha512-3duEwti880xqi4eAMN8AyR4a0ByT90zoYdLlevfrvU43vb0YZwZVfxOgxWrLXXXpyugL0hNZc9G6BiB5B3nUug=="
    },
    "dot-prop": {
      "version": "5.3.0",
      "resolved": "https://registry.npmjs.org/dot-prop/-/dot-prop-5.3.0.tgz",
      "integrity": "sha512-QM8q3zDe58hqUqjraQOmzZ1LIH9SWQJTlEKCH4kJ2oQvLZk7RbQXvtDM2XEq3fwkV9CCvvH4LA0AV+ogFsBM2Q==",
      "requires": {
        "is-obj": "^2.0.0"
      }
    },
    "escape-string-regexp": {
      "version": "4.0.0",
      "resolved": "https://registry.npmjs.org/escape-string-regexp/-/escape-string-regexp-4.0.0.tgz",
      "integrity": "sha512-TtpcNJ3XAzx3Gq8sWRzJaVajRs0uVxA2YAkdb1jm2YkPz4G6egUFAyA3n5vtEIZefPk5Wa4UXbKuS5fKkJWdgA=="
    },
    "esprima": {
      "version": "4.0.1",
      "resolved": "https://registry.npmjs.org/esprima/-/esprima-4.0.1.tgz",
      "integrity": "sha512-eGuFFw7Upda+g4p+QHvnW0RyTX/SVeJBDM/gCtMARO0cLuT2HcEKnTPvhjV6aGeqrCB/sbNop0Kszm0jsaWU4A=="
    },
    "getopts": {
      "version": "2.3.0",
      "resolved": "https://registry.npmjs.org/getopts/-/getopts-2.3.0.tgz",
      "integrity": "sha512-5eDf9fuSXwxBL6q5HX+dhDj+dslFGWzU5thZ9kNKUkcPtaPdatmUFKwHFrLb/uf/WpA4BHET+AX3Scl56cAjpA=="
    },
    "is-obj": {
      "version": "2.0.0",
      "resolved": "https://registry.npmjs.org/is-obj/-/is-obj-2.0.0.tgz",
      "integrity": "sha512-drqDG3cbczxxEJRoOXcOjtdp1J/lyp1mNn0xaznRs8+muBhgQcrnbspox5X5fOw0HnMnbfDzvnEMEtqDEJEo8w=="
    },
    "isnumber": {
      "version": "1.0.0",
      "resolved": "https://registry.npmjs.org/isnumber/-/isnumber-1.0.0.tgz",
      "integrity": "sha512-JLiSz/zsZcGFXPrB4I/AGBvtStkt+8QmksyZBZnVXnnK9XdTEyz0tX8CRYljtwYDuIuZzih6DpHQdi+3Q6zHPw=="
    },
    "js-yaml": {
      "version": "3.14.1",
      "resolved": "https://registry.npmjs.org/js-yaml/-/js-yaml-3.14.1.tgz",
      "integrity": "sha512-okMH7OXXJ7YrN9Ok3/SXrnu4iX9yOk+25nqX4imS2npuvTYDmo/QEZoqwZkYaIDk3jVvBOTOIEgEhaLOynBS9g==",
      "requires": {
        "argparse": "^1.0.7",
        "esprima": "^4.0.0"
      }
    },
    "load-goblin": {
      "version": "1.0.2",
      "resolved": "https://registry.npmjs.org/load-goblin/-/load-goblin-1.0.2.tgz",
      "integrity": "sha512-6XZNI9cnZiRnhdXsNeLA2hEx85gyTKBUMy8hdp2wXA+7oPWPpLqWrTrVCpWs+JXEnSIBH0/WdH5RO4zQDbt1Ug==",
      "requires": {
        "js-yaml": "^3.14.1",
        "matcher": "^3.0.0"
      }
    },
    "markdown-table": {
      "version": "2.0.0",
      "resolved": "https://registry.npmjs.org/markdown-table/-/markdown-table-2.0.0.tgz",
      "integrity": "sha512-Ezda85ToJUBhM6WGaG6veasyym+Tbs3cMAw/ZhOPqXiYsr0jgocBV3j3nx+4lk47plLlIqjwuTm/ywVI+zjJ/A==",
      "requires": {
        "repeat-string": "^1.0.0"
      }
    },
    "matcher": {
      "version": "3.0.0",
      "resolved": "https://registry.npmjs.org/matcher/-/matcher-3.0.0.tgz",
      "integrity": "sha512-OkeDaAZ/bQCxeFAozM55PKcKU0yJMPGifLwV4Qgjitu+5MoAfSQN4lsLJeXZ1b8w0x+/Emda6MZgXS1jvsapng==",
      "requires": {
        "escape-string-regexp": "^4.0.0"
      }
    },
    "percentile": {
      "version": "1.6.0",
      "resolved": "https://registry.npmjs.org/percentile/-/percentile-1.6.0.tgz",
      "integrity": "sha512-8vSyjdzwxGDHHwH+cSGch3A9Uj2On3UpgOWxWXMKwUvoAbnujx6DaqmV1duWXNiH/oEWpyVd6nSQccix6DM3Ng=="
    },
    "photofinish": {
      "version": "1.8.0",
      "resolved": "https://registry.npmjs.org/photofinish/-/photofinish-1.8.0.tgz",
      "integrity": "sha512-yYv1Kk9NtkkCm9pKNWSX0BlPWh01S4xowTZS/PYNdJH69tV3A3Jua9IRNUNr5pRxgY7a+5uY7081yMos8OdDig==",
      "requires": {
        "load-goblin": "^1.0.2",
        "markdown-table": "^2.0.0",
        "percentile": "^1.4.0",
        "sort-on": "^4.1.0",
        "stats-lite": "^2.2.0"
      }
    },
    "prettier": {
      "version": "2.8.4",
      "resolved": "https://registry.npmjs.org/prettier/-/prettier-2.8.4.tgz",
      "integrity": "sha512-vIS4Rlc2FNh0BySk3Wkd6xmwxB0FpOndW5fisM5H8hsZSxU2VWVB5CWIkIjWvrHjIhxk2g3bfMKM87zNTrZddw==",
      "dev": true
    },
    "repeat-string": {
      "version": "1.6.1",
      "resolved": "https://registry.npmjs.org/repeat-string/-/repeat-string-1.6.1.tgz",
      "integrity": "sha512-PV0dzCYDNfRi1jCDbJzpW7jNNDRuCOG/jI5ctQcGKt/clZD+YcPS3yIlWuTJMmESC8aevCFmWJy5wjAFgNqN6w=="
    },
    "sort-on": {
      "version": "4.1.1",
      "resolved": "https://registry.npmjs.org/sort-on/-/sort-on-4.1.1.tgz",
      "integrity": "sha512-nj8myvTCEErLMMWnye61z1pV5osa7njoosoQNdylD8WyPYHoHCBQx/xn7mGJL6h4oThvGpYSIAxfm8VUr75qTQ==",
      "requires": {
        "arrify": "^2.0.1",
        "dot-prop": "^5.0.0"
      }
    },
    "sprintf-js": {
      "version": "1.0.3",
      "resolved": "https://registry.npmjs.org/sprintf-js/-/sprintf-js-1.0.3.tgz",
      "integrity": "sha512-D9cPgkvLlV3t3IzL0D0YLvGA9Ahk4PcvVwUbN0dSGr1aP0Nrt4AEnTUbuGvquEC0mA64Gqt1fzirlRs5ibXx8g=="
    },
    "stats-lite": {
      "version": "2.2.0",
      "resolved": "https://registry.npmjs.org/stats-lite/-/stats-lite-2.2.0.tgz",
      "integrity": "sha512-/Kz55rgUIv2KP2MKphwYT/NCuSfAlbbMRv2ZWw7wyXayu230zdtzhxxuXXcvsc6EmmhS8bSJl3uS1wmMHFumbA==",
      "requires": {
        "isnumber": "~1.0.0"
      }
    },
    "validation-utils": {
      "version": "6.3.0",
      "resolved": "https://registry.npmjs.org/validation-utils/-/validation-utils-6.3.0.tgz",
      "integrity": "sha512-lP7Ufm999XCeLljCQNmoWkO+Fq0b3IIEOxO5e29CObAn4jBqS2VGa4yFoviMgQVnQTlrf3Rm5CmbR4oJGy3Jew==",
      "requires": {
        "zoology": "^1.0.0"
      }
    },
    "zoology": {
      "version": "1.0.0",
      "resolved": "https://registry.npmjs.org/zoology/-/zoology-1.0.0.tgz",
      "integrity": "sha512-f6rS5IpDQ/oh9EfDGZx15TINJwyQAn4/db71kOROOzM5kV2aGcBRCjaLiLpgzdAiwl2xhXo04faDzM0BY6Xn0Q=="
    }
  }
}
